{
  "pins" : [
    {
      "identity" : "speedmanagermodule",
      "kind" : "remoteSourceControl",
      "location" : "https://github.com/ezefranca/SpeedManagerModule.git",
      "state" : {
        "branch" : "main",
        "revision" : "bd4ca7be2ce5e29e44c1caef23daada25bf65cb5"
      }
    }
  ],
  "version" : 2
}
